
Microsoft Visual Studio Solution File, Format Version 12.00
# Visual Studio Version 17
VisualStudioVersion = 17.4.33122.133
MinimumVisualStudioVersion = 10.0.40219.1
Project("{FAE04EC0-301F-11D3-BF4B-00C04F79EFBC}") = "MCS_multipleLingli", "MCS_multipleLingli.csproj", "{145FF185-17E2-4890-AC1F-446C3C8040E7}"
EndProject
Global
	GlobalSection(SolutionConfigurationPlatforms) = preSolution
		Debug|Any CPU = Debug|Any CPU
		Release|Any CPU = Release|Any CPU
	EndGlobalSection
	GlobalSection(ProjectConfigurationPlatforms) = postSolution
		{145FF185-17E2-4890-AC1F-446C3C8040E7}.Debug|Any CPU.ActiveCfg = Debug|Any CPU
		{145FF185-17E2-4890-AC1F-446C3C8040E7}.Debug|Any CPU.Build.0 = Debug|Any CPU
		{145FF185-17E2-4890-AC1F-446C3C8040E7}.Release|Any CPU.ActiveCfg = Release|Any CPU
		{145FF185-17E2-4890-AC1F-446C3C8040E7}.Release|Any CPU.Build.0 = Release|Any CPU
	EndGlobalSection
	GlobalSection(SolutionProperties) = preSolution
		HideSolutionNode = FALSE
	EndGlobalSection
	GlobalSection(ExtensibilityGlobals) = postSolution
		SolutionGuid = {E557C7ED-B764-4B28-B332-2A5C273E9312}
	EndGlobalSection
EndGlobal
