
Microsoft Visual Studio Solution File, Format Version 12.00
# Visual Studio Version 17
VisualStudioVersion = 17.4.33122.133
MinimumVisualStudioVersion = 10.0.40219.1
Project("{FAE04EC0-301F-11D3-BF4B-00C04F79EFBC}") = "MCS_autoInvoke", "MCS_autoInvoke.csproj", "{3B0C9707-E3D8-43C5-9A44-821503EC1E14}"
EndProject
Global
	GlobalSection(SolutionConfigurationPlatforms) = preSolution
		Debug|Any CPU = Debug|Any CPU
		Release|Any CPU = Release|Any CPU
	EndGlobalSection
	GlobalSection(ProjectConfigurationPlatforms) = postSolution
		{3B0C9707-E3D8-43C5-9A44-821503EC1E14}.Debug|Any CPU.ActiveCfg = Debug|Any CPU
		{3B0C9707-E3D8-43C5-9A44-821503EC1E14}.Debug|Any CPU.Build.0 = Debug|Any CPU
		{3B0C9707-E3D8-43C5-9A44-821503EC1E14}.Release|Any CPU.ActiveCfg = Release|Any CPU
		{3B0C9707-E3D8-43C5-9A44-821503EC1E14}.Release|Any CPU.Build.0 = Release|Any CPU
	EndGlobalSection
	GlobalSection(SolutionProperties) = preSolution
		HideSolutionNode = FALSE
	EndGlobalSection
	GlobalSection(ExtensibilityGlobals) = postSolution
		SolutionGuid = {AA685B36-0CEF-4205-9DA6-3AC4A230A59C}
	EndGlobalSection
EndGlobal
