
Microsoft Visual Studio Solution File, Format Version 12.00
# Visual Studio Version 17
VisualStudioVersion = 17.4.33122.133
MinimumVisualStudioVersion = 10.0.40219.1
Project("{FAE04EC0-301F-11D3-BF4B-00C04F79EFBC}") = "MCS_NPCManager", "MCS_NPCManager.csproj", "{C48D798F-EE3E-470D-B759-366A9F98FF49}"
EndProject
Global
	GlobalSection(SolutionConfigurationPlatforms) = preSolution
		Debug|Any CPU = Debug|Any CPU
		Release|Any CPU = Release|Any CPU
	EndGlobalSection
	GlobalSection(ProjectConfigurationPlatforms) = postSolution
		{C48D798F-EE3E-470D-B759-366A9F98FF49}.Debug|Any CPU.ActiveCfg = Debug|Any CPU
		{C48D798F-EE3E-470D-B759-366A9F98FF49}.Debug|Any CPU.Build.0 = Debug|Any CPU
		{C48D798F-EE3E-470D-B759-366A9F98FF49}.Release|Any CPU.ActiveCfg = Release|Any CPU
		{C48D798F-EE3E-470D-B759-366A9F98FF49}.Release|Any CPU.Build.0 = Release|Any CPU
	EndGlobalSection
	GlobalSection(SolutionProperties) = preSolution
		HideSolutionNode = FALSE
	EndGlobalSection
	GlobalSection(ExtensibilityGlobals) = postSolution
		SolutionGuid = {C10DCA2D-140E-4518-9201-DFBC20EC1DF2}
	EndGlobalSection
EndGlobal
